<?xml version="1.0" encoding="utf-8"?>
<Project ToolsVersion="4.0" xmlns="http://schemas.microsoft.com/developer/msbuild/2003">
  <ItemGroup>
    <Filter Include="Source Files">
      <UniqueIdentifier>{4FC737F1-C7A5-4376-A066-2A32D752A2FF}</UniqueIdentifier>
      <Extensions>cpp;c;cc;cxx;def;odl;idl;hpj;bat;asm;asmx</Extensions>
    </Filter>
    <Filter Include="Header Files">
      <UniqueIdentifier>{93995380-89BD-4b04-88EB-625FBE52EBFB}</UniqueIdentifier>
      <Extensions>h;hpp;hxx;hm;inl;inc;xsd</Extensions>
    </Filter>
    <Filter Include="Resource Files">
      <UniqueIdentifier>{67DA6AB6-F800-4c08-8B7A-83BB121AAD01}</UniqueIdentifier>
      <Extensions>rc;ico;cur;bmp;dlg;rc2;rct;bin;rgs;gif;jpg;jpeg;jpe;resx;tiff;tif;png;wav;mfcribbon-ms</Extensions>
    </Filter>
  </ItemGroup>
  <ItemGroup>
    <None Include="ReadMe.txt" />
    <None Include="..\..\BpCore\BpCore\config.xml">
      <Filter>Resource Files</Filter>
    </None>
  </ItemGroup>
  <ItemGroup>
    <ClInclude Include="stdafx.h">
      <Filter>Header Files</Filter>
    </ClInclude>
    <ClInclude Include="targetver.h">
      <Filter>Header Files</Filter>
    </ClInclude>
    <ClInclude Include="DiDCore.h">
      <Filter>Header Files</Filter>
    </ClInclude>
    <ClInclude Include="DfnsInDepth.h">
      <Filter>Header Files</Filter>
    </ClInclude>
    <ClInclude Include="AntiSpray.h">
      <Filter>Header Files</Filter>
    </ClInclude>
    <ClInclude Include="ApiFw.h">
      <Filter>Header Files</Filter>
    </ClInclude>
    <ClInclude Include="StackMonitor.h">
      <Filter>Header Files</Filter>
    </ClInclude>
    <ClInclude Include="HeapMonitor.h">
      <Filter>Header Files</Filter>
    </ClInclude>
    <ClInclude Include="DynConfig.h">
      <Filter>Header Files</Filter>
    </ClInclude>
    <ClInclude Include="PointerHashtable.h">
      <Filter>Header Files</Filter>
    </ClInclude>
    <ClInclude Include="..\..\LogClientNative\LogClientNative\Logger.h">
      <Filter>Header Files</Filter>
    </ClInclude>
    <ClInclude Include="..\..\DetoursFree\DetoursFree\Detours.h">
      <Filter>Header Files</Filter>
    </ClInclude>
    <ClInclude Include="..\..\libpdasm\libpdasm\disasm.h">
      <Filter>Header Files</Filter>
    </ClInclude>
    <ClInclude Include="..\..\Shared\Utils\Utils.h">
      <Filter>Header Files</Filter>
    </ClInclude>
    <ClInclude Include="..\..\SimpleEspEmu\SimpleEspEmu\StackEmu.h">
      <Filter>Header Files</Filter>
    </ClInclude>
    <ClInclude Include="..\..\ProcTracker\ProcTracker\ProcTracker_h.h">
      <Filter>Header Files</Filter>
    </ClInclude>
  </ItemGroup>
  <ItemGroup>
    <ClCompile Include="stdafx.cpp">
      <Filter>Source Files</Filter>
    </ClCompile>
    <ClCompile Include="DiDCore.cpp">
      <Filter>Source Files</Filter>
    </ClCompile>
    <ClCompile Include="dllmain.cpp">
      <Filter>Source Files</Filter>
    </ClCompile>
    <ClCompile Include="DfnsInDepth.cpp">
      <Filter>Source Files</Filter>
    </ClCompile>
    <ClCompile Include="AntiSpray.cpp">
      <Filter>Source Files</Filter>
    </ClCompile>
    <ClCompile Include="ApiFw.cpp">
      <Filter>Source Files</Filter>
    </ClCompile>
    <ClCompile Include="HeapMonitor.cpp">
      <Filter>Source Files</Filter>
    </ClCompile>
    <ClCompile Include="StackMonitor.cpp">
      <Filter>Source Files</Filter>
    </ClCompile>
    <ClCompile Include="DynConfig.cpp">
      <Filter>Source Files</Filter>
    </ClCompile>
    <ClCompile Include="..\..\LogClientNative\LogClientNative\Logger.cpp">
      <Filter>Source Files</Filter>
    </ClCompile>
    <ClCompile Include="..\..\DetoursFree\DetoursFree\Detours.cpp">
      <Filter>Source Files</Filter>
    </ClCompile>
    <ClCompile Include="..\..\libpdasm\libpdasm\disasm.cpp">
      <Filter>Source Files</Filter>
    </ClCompile>
    <ClCompile Include="..\..\Shared\Utils\Utils.cpp">
      <Filter>Source Files</Filter>
    </ClCompile>
    <ClCompile Include="..\..\SimpleEspEmu\SimpleEspEmu\StackEmu.cpp">
      <Filter>Source Files</Filter>
    </ClCompile>
    <ClCompile Include="..\..\ProcTracker\ProcTracker\ProcTracker_c.c">
      <Filter>Source Files</Filter>
    </ClCompile>
  </ItemGroup>
</Project>