
Microsoft Visual Studio Solution File, Format Version 11.00
# Visual Studio 2010
Project("{8BC9CEB8-8B4A-11D0-8D11-00A0C91BC942}") = "ProcTrackerClient", "ProcTrackerClient\ProcTrackerClient.vcxproj", "{5996121C-CD69-4D2F-A792-38CCF4CC4174}"
EndProject
Global
	GlobalSection(SolutionConfigurationPlatforms) = preSolution
		Debug|Win32 = Debug|Win32
		Release|Win32 = Release|Win32
	EndGlobalSection
	GlobalSection(ProjectConfigurationPlatforms) = postSolution
		{5996121C-CD69-4D2F-A792-38CCF4CC4174}.Debug|Win32.ActiveCfg = Debug|Win32
		{5996121C-CD69-4D2F-A792-38CCF4CC4174}.Debug|Win32.Build.0 = Debug|Win32
		{5996121C-CD69-4D2F-A792-38CCF4CC4174}.Release|Win32.ActiveCfg = Release|Win32
		{5996121C-CD69-4D2F-A792-38CCF4CC4174}.Release|Win32.Build.0 = Release|Win32
	EndGlobalSection
	GlobalSection(SolutionProperties) = preSolution
		HideSolutionNode = FALSE
	EndGlobalSection
EndGlobal
