
Microsoft Visual Studio Solution File, Format Version 11.00
# Visual Studio 2010
Project("{FAE04EC0-301F-11D3-BF4B-00C04F79EFBC}") = "CrystalAEPUI", "CrystalUserInterface1\CrystalAEPUI.csproj", "{D5DE1177-9027-4951-B7B3-0FFEBB0628A8}"
EndProject
Project("{2150E333-8FDC-42A3-9474-1A3956D46DE8}") = "Solution Items", "Solution Items", "{C175D054-057D-4FAC-9D7C-D69DF8C1F021}"
EndProject
Global
	GlobalSection(SolutionConfigurationPlatforms) = preSolution
		Debug|x86 = Debug|x86
		Release|x86 = Release|x86
	EndGlobalSection
	GlobalSection(ProjectConfigurationPlatforms) = postSolution
		{D5DE1177-9027-4951-B7B3-0FFEBB0628A8}.Debug|x86.ActiveCfg = Debug|x86
		{D5DE1177-9027-4951-B7B3-0FFEBB0628A8}.Debug|x86.Build.0 = Debug|x86
		{D5DE1177-9027-4951-B7B3-0FFEBB0628A8}.Release|x86.ActiveCfg = Release|x86
		{D5DE1177-9027-4951-B7B3-0FFEBB0628A8}.Release|x86.Build.0 = Release|x86
	EndGlobalSection
	GlobalSection(SolutionProperties) = preSolution
		HideSolutionNode = FALSE
	EndGlobalSection
EndGlobal
