<?xml version="1.0" encoding="utf-8"?>
<Project ToolsVersion="4.0" xmlns="http://schemas.microsoft.com/developer/msbuild/2003">
  <ItemGroup>
    <Filter Include="Source Files">
      <UniqueIdentifier>{4FC737F1-C7A5-4376-A066-2A32D752A2FF}</UniqueIdentifier>
      <Extensions>cpp;c;cc;cxx;def;odl;idl;hpj;bat;asm;asmx</Extensions>
    </Filter>
    <Filter Include="Header Files">
      <UniqueIdentifier>{93995380-89BD-4b04-88EB-625FBE52EBFB}</UniqueIdentifier>
      <Extensions>h;hpp;hxx;hm;inl;inc;xsd</Extensions>
    </Filter>
    <Filter Include="Resource Files">
      <UniqueIdentifier>{67DA6AB6-F800-4c08-8B7A-83BB121AAD01}</UniqueIdentifier>
      <Extensions>rc;ico;cur;bmp;dlg;rc2;rct;bin;rgs;gif;jpg;jpeg;jpe;resx;tiff;tif;png;wav;mfcribbon-ms</Extensions>
    </Filter>
  </ItemGroup>
  <ItemGroup>
    <None Include="ReadMe.txt" />
    <None Include="config.xml">
      <Filter>Resource Files</Filter>
    </None>
  </ItemGroup>
  <ItemGroup>
    <ClInclude Include="stdafx.h">
      <Filter>Header Files</Filter>
    </ClInclude>
    <ClInclude Include="targetver.h">
      <Filter>Header Files</Filter>
    </ClInclude>
    <ClInclude Include="..\..\LogClientNative\LogClientNative\Logger.h">
      <Filter>Header Files</Filter>
    </ClInclude>
    <ClInclude Include="BpCore.h">
      <Filter>Header Files</Filter>
    </ClInclude>
    <ClInclude Include="WininetHooks.h">
      <Filter>Header Files</Filter>
    </ClInclude>
    <ClInclude Include="ConnectionPool.h">
      <Filter>Header Files</Filter>
    </ClInclude>
    <ClInclude Include="Stream.h">
      <Filter>Header Files</Filter>
    </ClInclude>
    <ClInclude Include="DemoPolicies.h">
      <Filter>Header Files</Filter>
    </ClInclude>
    <ClInclude Include="ParseTempStg.h">
      <Filter>Header Files</Filter>
    </ClInclude>
    <ClInclude Include="BrwsrInstDetails.h">
      <Filter>Header Files</Filter>
    </ClInclude>
    <ClInclude Include="BrwsrInstDetailsBase.h">
      <Filter>Header Files</Filter>
    </ClInclude>
    <ClInclude Include="IBrwsrInstDetails.h">
      <Filter>Header Files</Filter>
    </ClInclude>
    <ClInclude Include="ConnectionPoolBase.h">
      <Filter>Header Files</Filter>
    </ClInclude>
    <ClInclude Include="..\..\Shared\Utils\Utils.h">
      <Filter>Header Files</Filter>
    </ClInclude>
    <ClInclude Include="IConnectionPool.h">
      <Filter>Header Files</Filter>
    </ClInclude>
    <ClInclude Include="StreamBase.h">
      <Filter>Header Files</Filter>
    </ClInclude>
    <ClInclude Include="IStream.h">
      <Filter>Header Files</Filter>
    </ClInclude>
    <ClInclude Include="ParseTempStgStaticBase.h">
      <Filter>Header Files</Filter>
    </ClInclude>
    <ClInclude Include="IParseTempStgStatic.h">
      <Filter>Header Files</Filter>
    </ClInclude>
    <ClInclude Include="StreamWriter.h">
      <Filter>Header Files</Filter>
    </ClInclude>
    <ClInclude Include="..\..\DetoursFree\DetoursFree\Detours.h">
      <Filter>Header Files</Filter>
    </ClInclude>
    <ClInclude Include="..\..\libpdasm\libpdasm\disasm.h">
      <Filter>Header Files</Filter>
    </ClInclude>
  </ItemGroup>
  <ItemGroup>
    <ClCompile Include="stdafx.cpp">
      <Filter>Source Files</Filter>
    </ClCompile>
    <ClCompile Include="BpCore.cpp">
      <Filter>Source Files</Filter>
    </ClCompile>
    <ClCompile Include="dllmain.cpp">
      <Filter>Source Files</Filter>
    </ClCompile>
    <ClCompile Include="..\..\LogClientNative\LogClientNative\Logger.cpp">
      <Filter>Source Files</Filter>
    </ClCompile>
    <ClCompile Include="WininetHooks.cpp">
      <Filter>Source Files</Filter>
    </ClCompile>
    <ClCompile Include="ConnectionPool.cpp">
      <Filter>Source Files</Filter>
    </ClCompile>
    <ClCompile Include="Stream.cpp">
      <Filter>Source Files</Filter>
    </ClCompile>
    <ClCompile Include="DemoPolicies.cpp">
      <Filter>Source Files</Filter>
    </ClCompile>
    <ClCompile Include="BrwsrInstDetails.cpp">
      <Filter>Source Files</Filter>
    </ClCompile>
    <ClCompile Include="..\..\Shared\Utils\Utils.cpp">
      <Filter>Source Files</Filter>
    </ClCompile>
    <ClCompile Include="StreamWriter.cpp">
      <Filter>Source Files</Filter>
    </ClCompile>
    <ClCompile Include="..\..\DetoursFree\DetoursFree\Detours.cpp">
      <Filter>Source Files</Filter>
    </ClCompile>
    <ClCompile Include="..\..\libpdasm\libpdasm\disasm.cpp">
      <Filter>Source Files</Filter>
    </ClCompile>
  </ItemGroup>
</Project>